
Microsoft Visual Studio Solution File, Format Version 12.00
Project("{FAE04EC0-301F-11D3-BF4B-00C04F79EFBC}") = "DairyApp", "DairyApp.csproj", "{A0F63220-A59C-41CC-8336-24DBDD5CC751}"
EndProject
Global
	GlobalSection(SolutionConfigurationPlatforms) = preSolution
		Debug|Any CPU = Debug|Any CPU
		Release|Any CPU = Release|Any CPU
	EndGlobalSection
	GlobalSection(ProjectConfigurationPlatforms) = postSolution
		{A0F63220-A59C-41CC-8336-24DBDD5CC751}.Debug|Any CPU.ActiveCfg = Debug|Any CPU
		{A0F63220-A59C-41CC-8336-24DBDD5CC751}.Debug|Any CPU.Build.0 = Debug|Any CPU
		{A0F63220-A59C-41CC-8336-24DBDD5CC751}.Release|Any CPU.ActiveCfg = Release|Any CPU
		{A0F63220-A59C-41CC-8336-24DBDD5CC751}.Release|Any CPU.Build.0 = Release|Any CPU
	EndGlobalSection
EndGlobal
